
Microsoft Visual Studio Solution File, Format Version 12.00
# Visual Studio 14
VisualStudioVersion = 14.0.24720.0
MinimumVisualStudioVersion = 10.0.40219.1
Project("{FAE04EC0-301F-11D3-BF4B-00C04F79EFBC}") = "01. 2-4-8", "01. 2-4-8\01. 2-4-8.csproj", "{CB9A8383-DFB5-4F18-BE20-9999510BB9AA}"
EndProject
Project("{FAE04EC0-301F-11D3-BF4B-00C04F79EFBC}") = "02. Nightmare on code street", "02. Nightmare on code street\02. Nightmare on code street.csproj", "{E7D3F7DB-B308-4516-A57E-D53FD39484F2}"
EndProject
Project("{FAE04EC0-301F-11D3-BF4B-00C04F79EFBC}") = "04. Kapichania boats", "04. Kapichania boats\04. Kapichania boats.csproj", "{FE2E9213-3A34-4A09-B801-9F90BE261218}"
EndProject
Project("{FAE04EC0-301F-11D3-BF4B-00C04F79EFBC}") = "05. Trapezoid", "05. Trapezoid\05. Trapezoid.csproj", "{39F821C1-B4BD-4530-ABDD-32C2F905E3F0}"
EndProject
Project("{FAE04EC0-301F-11D3-BF4B-00C04F79EFBC}") = "05. Trapezoid ver2", "05. Trapezoid ver2\05. Trapezoid ver2.csproj", "{A5045385-A29E-4594-B9B8-9942D7F77402}"
EndProject
Project("{FAE04EC0-301F-11D3-BF4B-00C04F79EFBC}") = "06. Ones and Zeroes", "06. Ones and Zeroes\06. Ones and Zeroes.csproj", "{163E0CA8-7E7F-415B-9436-078B15659307}"
EndProject
Project("{FAE04EC0-301F-11D3-BF4B-00C04F79EFBC}") = "07. Eggcelent", "07. Eggcelent\07. Eggcelent.csproj", "{B8313E6B-00FE-4145-9532-55ABC8EDA6B1}"
EndProject
Global
	GlobalSection(SolutionConfigurationPlatforms) = preSolution
		Debug|Any CPU = Debug|Any CPU
		Release|Any CPU = Release|Any CPU
	EndGlobalSection
	GlobalSection(ProjectConfigurationPlatforms) = postSolution
		{CB9A8383-DFB5-4F18-BE20-9999510BB9AA}.Debug|Any CPU.ActiveCfg = Debug|Any CPU
		{CB9A8383-DFB5-4F18-BE20-9999510BB9AA}.Debug|Any CPU.Build.0 = Debug|Any CPU
		{CB9A8383-DFB5-4F18-BE20-9999510BB9AA}.Release|Any CPU.ActiveCfg = Release|Any CPU
		{CB9A8383-DFB5-4F18-BE20-9999510BB9AA}.Release|Any CPU.Build.0 = Release|Any CPU
		{E7D3F7DB-B308-4516-A57E-D53FD39484F2}.Debug|Any CPU.ActiveCfg = Debug|Any CPU
		{E7D3F7DB-B308-4516-A57E-D53FD39484F2}.Debug|Any CPU.Build.0 = Debug|Any CPU
		{E7D3F7DB-B308-4516-A57E-D53FD39484F2}.Release|Any CPU.ActiveCfg = Release|Any CPU
		{E7D3F7DB-B308-4516-A57E-D53FD39484F2}.Release|Any CPU.Build.0 = Release|Any CPU
		{FE2E9213-3A34-4A09-B801-9F90BE261218}.Debug|Any CPU.ActiveCfg = Debug|Any CPU
		{FE2E9213-3A34-4A09-B801-9F90BE261218}.Debug|Any CPU.Build.0 = Debug|Any CPU
		{FE2E9213-3A34-4A09-B801-9F90BE261218}.Release|Any CPU.ActiveCfg = Release|Any CPU
		{FE2E9213-3A34-4A09-B801-9F90BE261218}.Release|Any CPU.Build.0 = Release|Any CPU
		{39F821C1-B4BD-4530-ABDD-32C2F905E3F0}.Debug|Any CPU.ActiveCfg = Debug|Any CPU
		{39F821C1-B4BD-4530-ABDD-32C2F905E3F0}.Debug|Any CPU.Build.0 = Debug|Any CPU
		{39F821C1-B4BD-4530-ABDD-32C2F905E3F0}.Release|Any CPU.ActiveCfg = Release|Any CPU
		{39F821C1-B4BD-4530-ABDD-32C2F905E3F0}.Release|Any CPU.Build.0 = Release|Any CPU
		{A5045385-A29E-4594-B9B8-9942D7F77402}.Debug|Any CPU.ActiveCfg = Debug|Any CPU
		{A5045385-A29E-4594-B9B8-9942D7F77402}.Debug|Any CPU.Build.0 = Debug|Any CPU
		{A5045385-A29E-4594-B9B8-9942D7F77402}.Release|Any CPU.ActiveCfg = Release|Any CPU
		{A5045385-A29E-4594-B9B8-9942D7F77402}.Release|Any CPU.Build.0 = Release|Any CPU
		{163E0CA8-7E7F-415B-9436-078B15659307}.Debug|Any CPU.ActiveCfg = Debug|Any CPU
		{163E0CA8-7E7F-415B-9436-078B15659307}.Debug|Any CPU.Build.0 = Debug|Any CPU
		{163E0CA8-7E7F-415B-9436-078B15659307}.Release|Any CPU.ActiveCfg = Release|Any CPU
		{163E0CA8-7E7F-415B-9436-078B15659307}.Release|Any CPU.Build.0 = Release|Any CPU
		{B8313E6B-00FE-4145-9532-55ABC8EDA6B1}.Debug|Any CPU.ActiveCfg = Debug|Any CPU
		{B8313E6B-00FE-4145-9532-55ABC8EDA6B1}.Debug|Any CPU.Build.0 = Debug|Any CPU
		{B8313E6B-00FE-4145-9532-55ABC8EDA6B1}.Release|Any CPU.ActiveCfg = Release|Any CPU
		{B8313E6B-00FE-4145-9532-55ABC8EDA6B1}.Release|Any CPU.Build.0 = Release|Any CPU
	EndGlobalSection
	GlobalSection(SolutionProperties) = preSolution
		HideSolutionNode = FALSE
	EndGlobalSection
EndGlobal
